
Microsoft Visual Studio Solution File, Format Version 12.00
# Visual Studio Version 16
VisualStudioVersion = 16.0.31129.286
MinimumVisualStudioVersion = 10.0.40219.1
Project("{9A19103F-16F7-4668-BE54-9A1E7A4F7556}") = "task1", "task1\task1.csproj", "{6AF17611-9840-4D3F-B64B-8C1CA123DAD8}"
EndProject
Project("{9A19103F-16F7-4668-BE54-9A1E7A4F7556}") = "task2", "task2\task2.csproj", "{0DF9D728-D0FE-4B27-A884-D826238E2B0F}"
EndProject
Project("{FAE04EC0-301F-11D3-BF4B-00C04F79EFBC}") = "task3", "task3\task3.csproj", "{91D56306-0915-41E8-8976-1FF02BD8180C}"
EndProject
Global
	GlobalSection(SolutionConfigurationPlatforms) = preSolution
		Debug|Any CPU = Debug|Any CPU
		Release|Any CPU = Release|Any CPU
	EndGlobalSection
	GlobalSection(ProjectConfigurationPlatforms) = postSolution
		{6AF17611-9840-4D3F-B64B-8C1CA123DAD8}.Debug|Any CPU.ActiveCfg = Debug|Any CPU
		{6AF17611-9840-4D3F-B64B-8C1CA123DAD8}.Debug|Any CPU.Build.0 = Debug|Any CPU
		{6AF17611-9840-4D3F-B64B-8C1CA123DAD8}.Release|Any CPU.ActiveCfg = Release|Any CPU
		{6AF17611-9840-4D3F-B64B-8C1CA123DAD8}.Release|Any CPU.Build.0 = Release|Any CPU
		{0DF9D728-D0FE-4B27-A884-D826238E2B0F}.Debug|Any CPU.ActiveCfg = Debug|Any CPU
		{0DF9D728-D0FE-4B27-A884-D826238E2B0F}.Debug|Any CPU.Build.0 = Debug|Any CPU
		{0DF9D728-D0FE-4B27-A884-D826238E2B0F}.Release|Any CPU.ActiveCfg = Release|Any CPU
		{0DF9D728-D0FE-4B27-A884-D826238E2B0F}.Release|Any CPU.Build.0 = Release|Any CPU
		{91D56306-0915-41E8-8976-1FF02BD8180C}.Debug|Any CPU.ActiveCfg = Debug|Any CPU
		{91D56306-0915-41E8-8976-1FF02BD8180C}.Debug|Any CPU.Build.0 = Debug|Any CPU
		{91D56306-0915-41E8-8976-1FF02BD8180C}.Release|Any CPU.ActiveCfg = Release|Any CPU
		{91D56306-0915-41E8-8976-1FF02BD8180C}.Release|Any CPU.Build.0 = Release|Any CPU
	EndGlobalSection
	GlobalSection(SolutionProperties) = preSolution
		HideSolutionNode = FALSE
	EndGlobalSection
	GlobalSection(ExtensibilityGlobals) = postSolution
		SolutionGuid = {23F24981-96D1-4376-94D6-169BCAC29B2D}
	EndGlobalSection
EndGlobal
